# This file is generated by running "yarn install" inside your project.
# Manual changes might be lost - proceed with caution!

__metadata:
  version: 10
  cacheKey: 10c0

"@macrostrat/docs-tooling@workspace:.":
  version: 0.0.0-use.local
  resolution: "@macrostrat/docs-tooling@workspace:."
  dependencies:
    "@mdx-js/mdx": "npm:^2.3.0"
    remark-frontmatter: "npm:^4.0.1"
    yaml: "npm:^2.5.0"
  languageName: unknown
  linkType: soft

"@mdx-js/mdx@npm:^2.3.0":
  version: 2.3.0
  resolution: "@mdx-js/mdx@npm:2.3.0"
  dependencies:
    "@types/estree-jsx": "npm:^1.0.0"
    "@types/mdx": "npm:^2.0.0"
    estree-util-build-jsx: "npm:^2.0.0"
    estree-util-is-identifier-name: "npm:^2.0.0"
    estree-util-to-js: "npm:^1.1.0"
    estree-walker: "npm:^3.0.0"
    hast-util-to-estree: "npm:^2.0.0"
    markdown-extensions: "npm:^1.0.0"
    periscopic: "npm:^3.0.0"
    remark-mdx: "npm:^2.0.0"
    remark-parse: "npm:^10.0.0"
    remark-rehype: "npm:^10.0.0"
    unified: "npm:^10.0.0"
    unist-util-position-from-estree: "npm:^1.0.0"
    unist-util-stringify-position: "npm:^3.0.0"
    unist-util-visit: "npm:^4.0.0"
    vfile: "npm:^5.0.0"
  checksum: 10c0/719384d8e72abd3e83aa2fd3010394636e32cc0e5e286b6414427ef03121397586ce97ec816afcc4d2b22ba65939c3801a8198e04cf921dd597c0aa9fd75dbb4
  languageName: node
  linkType: hard

"@types/acorn@npm:^4.0.0":
  version: 4.0.6
  resolution: "@types/acorn@npm:4.0.6"
  dependencies:
    "@types/estree": "npm:*"
  checksum: 10c0/5a65a1d7e91fc95703f0a717897be60fa7ccd34b17f5462056274a246e6690259fe0a1baabc86fd3260354f87245cb3dc483346d7faad2b78fc199763978ede9
  languageName: node
  linkType: hard

"@types/debug@npm:^4.0.0":
  version: 4.1.13
  resolution: "@types/debug@npm:4.1.13"
  dependencies:
    "@types/ms": "npm:*"
  checksum: 10c0/e5e124021bbdb23a82727eee0a726ae0fc8a3ae1f57253cbcc47497f259afb357de7f6941375e773e1abbfa1604c1555b901a409d762ec2bb4c1612131d4afb7
  languageName: node
  linkType: hard

"@types/estree-jsx@npm:^1.0.0":
  version: 1.0.5
  resolution: "@types/estree-jsx@npm:1.0.5"
  dependencies:
    "@types/estree": "npm:*"
  checksum: 10c0/07b354331516428b27a3ab99ee397547d47eb223c34053b48f84872fafb841770834b90cc1a0068398e7c7ccb15ec51ab00ec64b31dc5e3dbefd624638a35c6d
  languageName: node
  linkType: hard

"@types/estree@npm:*, @types/estree@npm:^1.0.0, @types/estree@npm:^1.0.6":
  version: 1.0.9
  resolution: "@types/estree@npm:1.0.9"
  checksum: 10c0/3ad3286ca2988cd550dafb8f2ad599c8474868e954fa601a36655bdfefd8039f7c714b8c1c7f2ae219ffbd58bd4660e66fa7479a0120fc02d4777057d4865387
  languageName: node
  linkType: hard

"@types/hast@npm:^2.0.0":
  version: 2.3.10
  resolution: "@types/hast@npm:2.3.10"
  dependencies:
    "@types/unist": "npm:^2"
  checksum: 10c0/16daac35d032e656defe1f103f9c09c341a6dc553c7ec17b388274076fa26e904a71ea5ea41fd368a6d5f1e9e53be275c80af7942b9c466d8511d261c9529c7e
  languageName: node
  linkType: hard

"@types/mdast@npm:^3.0.0":
  version: 3.0.15
  resolution: "@types/mdast@npm:3.0.15"
  dependencies:
    "@types/unist": "npm:^2"
  checksum: 10c0/fcbf716c03d1ed5465deca60862e9691414f9c43597c288c7d2aefbe274552e1bbd7aeee91b88a02597e88a28c139c57863d0126fcf8416a95fdc681d054ee3d
  languageName: node
  linkType: hard

"@types/mdx@npm:^2.0.0":
  version: 2.0.14
  resolution: "@types/mdx@npm:2.0.14"
  checksum: 10c0/f1e3873c1e36e2685fb99222bf81a23c55a8e2edf49d0c45cabf2c875b0ae814cd6050cce5770ff1c6881ac747d2ad33731e1de32139b04cf181d8d7e1943ff4
  languageName: node
  linkType: hard

"@types/ms@npm:*":
  version: 2.1.0
  resolution: "@types/ms@npm:2.1.0"
  checksum: 10c0/5ce692ffe1549e1b827d99ef8ff71187457e0eb44adbae38fdf7b9a74bae8d20642ee963c14516db1d35fa2652e65f47680fdf679dcbde52bbfadd021f497225
  languageName: node
  linkType: hard

"@types/unist@npm:^2, @types/unist@npm:^2.0.0":
  version: 2.0.11
  resolution: "@types/unist@npm:2.0.11"
  checksum: 10c0/24dcdf25a168f453bb70298145eb043cfdbb82472db0bc0b56d6d51cd2e484b9ed8271d4ac93000a80da568f2402e9339723db262d0869e2bf13bc58e081768d
  languageName: node
  linkType: hard

"acorn-jsx@npm:^5.0.0":
  version: 5.3.2
  resolution: "acorn-jsx@npm:5.3.2"
  peerDependencies:
    acorn: ^6.0.0 || ^7.0.0 || ^8.0.0
  checksum: 10c0/4c54868fbef3b8d58927d5e33f0a4de35f59012fe7b12cf9dfbb345fb8f46607709e1c4431be869a23fb63c151033d84c4198fa9f79385cec34fcb1dd53974c1
  languageName: node
  linkType: hard

"acorn@npm:^8.0.0":
  version: 8.18.0
  resolution: "acorn@npm:8.18.0"
  bin:
    acorn: bin/acorn
  checksum: 10c0/be771be2135cc07910cf76f444ad514d7dcfd6d4a8026e597e93155275abc8ef61eee12211d52146e9d962874269b634f397464942087be013c89d0c54c5f8e5
  languageName: node
  linkType: hard

"astring@npm:^1.8.0":
  version: 1.9.0
  resolution: "astring@npm:1.9.0"
  bin:
    astring: bin/astring
  checksum: 10c0/e7519544d9824494e80ef0e722bb3a0c543a31440d59691c13aeaceb75b14502af536b23f08db50aa6c632dafaade54caa25f0788aa7550b6b2d6e2df89e0830
  languageName: node
  linkType: hard

"bail@npm:^2.0.0":
  version: 2.0.2
  resolution: "bail@npm:2.0.2"
  checksum: 10c0/25cbea309ef6a1f56214187004e8f34014eb015713ea01fa5b9b7e9e776ca88d0fdffd64143ac42dc91966c915a4b7b683411b56e14929fad16153fc026ffb8b
  languageName: node
  linkType: hard

"ccount@npm:^2.0.0":
  version: 2.0.1
  resolution: "ccount@npm:2.0.1"
  checksum: 10c0/3939b1664390174484322bc3f45b798462e6c07ee6384cb3d645e0aa2f318502d174845198c1561930e1d431087f74cf1fe291ae9a4722821a9f4ba67e574350
  languageName: node
  linkType: hard

"character-entities-html4@npm:^2.0.0":
  version: 2.1.0
  resolution: "character-entities-html4@npm:2.1.0"
  checksum: 10c0/fe61b553f083400c20c0b0fd65095df30a0b445d960f3bbf271536ae6c3ba676f39cb7af0b4bf2755812f08ab9b88f2feed68f9aebb73bb153f7a115fe5c6e40
  languageName: node
  linkType: hard

"character-entities-legacy@npm:^3.0.0":
  version: 3.0.0
  resolution: "character-entities-legacy@npm:3.0.0"
  checksum: 10c0/ec4b430af873661aa754a896a2b55af089b4e938d3d010fad5219299a6b6d32ab175142699ee250640678cd64bdecd6db3c9af0b8759ab7b155d970d84c4c7d1
  languageName: node
  linkType: hard

"character-entities@npm:^2.0.0":
  version: 2.0.2
  resolution: "character-entities@npm:2.0.2"
  checksum: 10c0/b0c645a45bcc90ff24f0e0140f4875a8436b8ef13b6bcd31ec02cfb2ca502b680362aa95386f7815bdc04b6464d48cf191210b3840d7c04241a149ede591a308
  languageName: node
  linkType: hard

"character-reference-invalid@npm:^2.0.0":
  version: 2.0.1
  resolution: "character-reference-invalid@npm:2.0.1"
  checksum: 10c0/2ae0dec770cd8659d7e8b0ce24392d83b4c2f0eb4a3395c955dce5528edd4cc030a794cfa06600fcdd700b3f2de2f9b8e40e309c0011c4180e3be64a0b42e6a1
  languageName: node
  linkType: hard

"comma-separated-tokens@npm:^2.0.0":
  version: 2.0.3
  resolution: "comma-separated-tokens@npm:2.0.3"
  checksum: 10c0/91f90f1aae320f1755d6957ef0b864fe4f54737f3313bd95e0802686ee2ca38bff1dd381964d00ae5db42912dd1f4ae5c2709644e82706ffc6f6842a813cdd67
  languageName: node
  linkType: hard

"debug@npm:^4.0.0":
  version: 4.4.3
  resolution: "debug@npm:4.4.3"
  dependencies:
    ms: "npm:^2.1.3"
  peerDependenciesMeta:
    supports-color:
      optional: true
  checksum: 10c0/d79136ec6c83ecbefd0f6a5593da6a9c91ec4d7ddc4b54c883d6e71ec9accb5f67a1a5e96d00a328196b5b5c86d365e98d8a3a70856aaf16b4e7b1985e67f5a6
  languageName: node
  linkType: hard

"decode-named-character-reference@npm:^1.0.0":
  version: 1.3.0
  resolution: "decode-named-character-reference@npm:1.3.0"
  dependencies:
    character-entities: "npm:^2.0.0"
  checksum: 10c0/787f4c87f3b82ea342aa7c2d7b1882b6fb9511bb77f72ae44dcaabea0470bacd1e9c6a0080ab886545019fa0cb3a7109573fad6b61a362844c3a0ac52b36e4bb
  languageName: node
  linkType: hard

"dequal@npm:^2.0.0":
  version: 2.0.3
  resolution: "dequal@npm:2.0.3"
  checksum: 10c0/f98860cdf58b64991ae10205137c0e97d384c3a4edc7f807603887b7c4b850af1224a33d88012009f150861cbee4fa2d322c4cc04b9313bee312e47f6ecaa888
  languageName: node
  linkType: hard

"diff@npm:^5.0.0":
  version: 5.2.2
  resolution: "diff@npm:5.2.2"
  checksum: 10c0/52da594c54e9033423da26984b1449ae6accd782d5afc4431c9a192a8507ddc83120fe8f925d7220b9da5b5963c7b6f5e46add3660a00cb36df7a13420a09d4b
  languageName: node
  linkType: hard

"estree-util-attach-comments@npm:^2.0.0":
  version: 2.1.1
  resolution: "estree-util-attach-comments@npm:2.1.1"
  dependencies:
    "@types/estree": "npm:^1.0.0"
  checksum: 10c0/cdb5fdb5809b376ca4a96afbcd916c3570b4bbf5d0115b8a9e1e8a10885d8d9fb549df0a16c077abb42ee35fa33192b69714bac25d4f3c43a36092288c9a64fd
  languageName: node
  linkType: hard

"estree-util-build-jsx@npm:^2.0.0":
  version: 2.2.2
  resolution: "estree-util-build-jsx@npm:2.2.2"
  dependencies:
    "@types/estree-jsx": "npm:^1.0.0"
    estree-util-is-identifier-name: "npm:^2.0.0"
    estree-walker: "npm:^3.0.0"
  checksum: 10c0/2cef6ad6747f51934eba0601c3477ba08c98331cfe616635e08dfc89d06b9bbd370c4d80e87fe7d42d82776fa7840868201f48491b0ef9c808039f15fe4667e1
  languageName: node
  linkType: hard

"estree-util-is-identifier-name@npm:^2.0.0":
  version: 2.1.0
  resolution: "estree-util-is-identifier-name@npm:2.1.0"
  checksum: 10c0/cc241a6998d30f4e8775ec34b042ef93e0085cd1bdf692a01f22e9b748f0866c76679475ff87935be1d8d5b1a7648be8cba366dc60866b372269f35feec756fe
  languageName: node
  linkType: hard

"estree-util-to-js@npm:^1.1.0":
  version: 1.2.0
  resolution: "estree-util-to-js@npm:1.2.0"
  dependencies:
    "@types/estree-jsx": "npm:^1.0.0"
    astring: "npm:^1.8.0"
    source-map: "npm:^0.7.0"
  checksum: 10c0/ad9c99dc34b0510ab813b485251acbf0abd06361c07b13c08da5d1611c279bee02ec09f2c269ae30b8d2da587115fc1fad4fa9f2f5ba69e094e758a3a4de7069
  languageName: node
  linkType: hard

"estree-util-visit@npm:^1.0.0":
  version: 1.2.1
  resolution: "estree-util-visit@npm:1.2.1"
  dependencies:
    "@types/estree-jsx": "npm:^1.0.0"
    "@types/unist": "npm:^2.0.0"
  checksum: 10c0/3c47086ab25947a889fca9f58a842e0d27edadcad24dc393fdd7c9ad3419fe05b3c63b6fc9d6c9d8f50d32bca615cd0a3fe8d0e6b300fb94f74c91210b55ea5d
  languageName: node
  linkType: hard

"estree-walker@npm:^3.0.0":
  version: 3.0.3
  resolution: "estree-walker@npm:3.0.3"
  dependencies:
    "@types/estree": "npm:^1.0.0"
  checksum: 10c0/c12e3c2b2642d2bcae7d5aa495c60fa2f299160946535763969a1c83fc74518ffa9c2cd3a8b69ac56aea547df6a8aac25f729a342992ef0bbac5f1c73e78995d
  languageName: node
  linkType: hard

"extend@npm:^3.0.0":
  version: 3.0.2
  resolution: "extend@npm:3.0.2"
  checksum: 10c0/73bf6e27406e80aa3e85b0d1c4fd987261e628064e170ca781125c0b635a3dabad5e05adbf07595ea0cf1e6c5396cacb214af933da7cbaf24fe75ff14818e8f9
  languageName: node
  linkType: hard

"fault@npm:^2.0.0":
  version: 2.0.1
  resolution: "fault@npm:2.0.1"
  dependencies:
    format: "npm:^0.2.0"
  checksum: 10c0/b80fbf1019b9ce8b08ee09ce86e02b028563e13a32ac3be34e42bfac00a97b96d8dee6d31e26578ffc16224eb6729e01ff1f97ddfeee00494f4f56c0aeed4bdd
  languageName: node
  linkType: hard

"format@npm:^0.2.0":
  version: 0.2.2
  resolution: "format@npm:0.2.2"
  checksum: 10c0/6032ba747541a43abf3e37b402b2f72ee08ebcb58bf84d816443dd228959837f1cddf1e8775b29fa27ff133f4bd146d041bfca5f9cf27f048edf3d493cf8fee6
  languageName: node
  linkType: hard

"hast-util-to-estree@npm:^2.0.0":
  version: 2.3.3
  resolution: "hast-util-to-estree@npm:2.3.3"
  dependencies:
    "@types/estree": "npm:^1.0.0"
    "@types/estree-jsx": "npm:^1.0.0"
    "@types/hast": "npm:^2.0.0"
    "@types/unist": "npm:^2.0.0"
    comma-separated-tokens: "npm:^2.0.0"
    estree-util-attach-comments: "npm:^2.0.0"
    estree-util-is-identifier-name: "npm:^2.0.0"
    hast-util-whitespace: "npm:^2.0.0"
    mdast-util-mdx-expression: "npm:^1.0.0"
    mdast-util-mdxjs-esm: "npm:^1.0.0"
    property-information: "npm:^6.0.0"
    space-separated-tokens: "npm:^2.0.0"
    style-to-object: "npm:^0.4.1"
    unist-util-position: "npm:^4.0.0"
    zwitch: "npm:^2.0.0"
  checksum: 10c0/5947b5030a6d20c193f5ea576cc751507e0b30d00f91e40a5208ca3a7add03a3862795a83600c0fdadf19c8b051917c7904715fa7dd358f04603d67a36341c38
  languageName: node
  linkType: hard

"hast-util-whitespace@npm:^2.0.0":
  version: 2.0.1
  resolution: "hast-util-whitespace@npm:2.0.1"
  checksum: 10c0/dcf6ebab091c802ffa7bb3112305c7631c15adb6c07a258f5528aefbddf82b4e162c8310ef426c48dc1dc623982cc33920e6dde5a50015d307f2778dcf6c2487
  languageName: node
  linkType: hard

"inline-style-parser@npm:0.1.1":
  version: 0.1.1
  resolution: "inline-style-parser@npm:0.1.1"
  checksum: 10c0/08832a533f51a1e17619f2eabf2f5ec5e956d6dcba1896351285c65df022c9420de61d73256e1dca8015a52abf96cc84ddc3b73b898b22de6589d3962b5e501b
  languageName: node
  linkType: hard

"is-alphabetical@npm:^2.0.0":
  version: 2.0.1
  resolution: "is-alphabetical@npm:2.0.1"
  checksum: 10c0/932367456f17237533fd1fc9fe179df77957271020b83ea31da50e5cc472d35ef6b5fb8147453274ffd251134472ce24eb6f8d8398d96dee98237cdb81a6c9a7
  languageName: node
  linkType: hard

"is-alphanumerical@npm:^2.0.0":
  version: 2.0.1
  resolution: "is-alphanumerical@npm:2.0.1"
  dependencies:
    is-alphabetical: "npm:^2.0.0"
    is-decimal: "npm:^2.0.0"
  checksum: 10c0/4b35c42b18e40d41378293f82a3ecd9de77049b476f748db5697c297f686e1e05b072a6aaae2d16f54d2a57f85b00cbbe755c75f6d583d1c77d6657bd0feb5a2
  languageName: node
  linkType: hard

"is-buffer@npm:^2.0.0":
  version: 2.0.5
  resolution: "is-buffer@npm:2.0.5"
  checksum: 10c0/e603f6fced83cf94c53399cff3bda1a9f08e391b872b64a73793b0928be3e5f047f2bcece230edb7632eaea2acdbfcb56c23b33d8a20c820023b230f1485679a
  languageName: node
  linkType: hard

"is-decimal@npm:^2.0.0":
  version: 2.0.1
  resolution: "is-decimal@npm:2.0.1"
  checksum: 10c0/8085dd66f7d82f9de818fba48b9e9c0429cb4291824e6c5f2622e96b9680b54a07a624cfc663b24148b8e853c62a1c987cfe8b0b5a13f5156991afaf6736e334
  languageName: node
  linkType: hard

"is-hexadecimal@npm:^2.0.0":
  version: 2.0.1
  resolution: "is-hexadecimal@npm:2.0.1"
  checksum: 10c0/3eb60fe2f1e2bbc760b927dcad4d51eaa0c60138cf7fc671803f66353ad90c301605b502c7ea4c6bb0548e1c7e79dfd37b73b632652e3b76030bba603a7e9626
  languageName: node
  linkType: hard

"is-plain-obj@npm:^4.0.0":
  version: 4.1.0
  resolution: "is-plain-obj@npm:4.1.0"
  checksum: 10c0/32130d651d71d9564dc88ba7e6fda0e91a1010a3694648e9f4f47bb6080438140696d3e3e15c741411d712e47ac9edc1a8a9de1fe76f3487b0d90be06ac9975e
  languageName: node
  linkType: hard

"is-reference@npm:^3.0.0":
  version: 3.0.3
  resolution: "is-reference@npm:3.0.3"
  dependencies:
    "@types/estree": "npm:^1.0.6"
  checksum: 10c0/35edd284cfb4cd9e9f08973f20e276ec517eaca31f5f049598e97dbb2d05544973dde212dac30fddee5b420930bff365e2e67dcd1293d0866c6720377382e3e5
  languageName: node
  linkType: hard

"kleur@npm:^4.0.3":
  version: 4.1.5
  resolution: "kleur@npm:4.1.5"
  checksum: 10c0/e9de6cb49657b6fa70ba2d1448fd3d691a5c4370d8f7bbf1c2f64c24d461270f2117e1b0afe8cb3114f13bbd8e51de158c2a224953960331904e636a5e4c0f2a
  languageName: node
  linkType: hard

"longest-streak@npm:^3.0.0":
  version: 3.1.0
  resolution: "longest-streak@npm:3.1.0"
  checksum: 10c0/7c2f02d0454b52834d1bcedef79c557bd295ee71fdabb02d041ff3aa9da48a90b5df7c0409156dedbc4df9b65da18742652aaea4759d6ece01f08971af6a7eaa
  languageName: node
  linkType: hard

"markdown-extensions@npm:^1.0.0":
  version: 1.1.1
  resolution: "markdown-extensions@npm:1.1.1"
  checksum: 10c0/eb9154016502ad1fb4477683ddb5cae8ba3ca06451b381b04dc4c34e91d8d168129d50d404b717d6bf7d458e13088c109303fc72d57cee7151a6082b0e7bba71
  languageName: node
  linkType: hard

"mdast-util-definitions@npm:^5.0.0":
  version: 5.1.2
  resolution: "mdast-util-definitions@npm:5.1.2"
  dependencies:
    "@types/mdast": "npm:^3.0.0"
    "@types/unist": "npm:^2.0.0"
    unist-util-visit: "npm:^4.0.0"
  checksum: 10c0/da9049c15562e44ee4ea4a36113d98c6c9eaa3d8a17d6da2aef6a0626376dcd01d9ec007d77a8dfcad6d0cbd5c32a4abbad72a3f48c3172a55934c7d9a916480
  languageName: node
  linkType: hard

"mdast-util-from-markdown@npm:^1.0.0, mdast-util-from-markdown@npm:^1.1.0":
  version: 1.3.1
  resolution: "mdast-util-from-markdown@npm:1.3.1"
  dependencies:
    "@types/mdast": "npm:^3.0.0"
    "@types/unist": "npm:^2.0.0"
    decode-named-character-reference: "npm:^1.0.0"
    mdast-util-to-string: "npm:^3.1.0"
    micromark: "npm:^3.0.0"
    micromark-util-decode-numeric-character-reference: "npm:^1.0.0"
    micromark-util-decode-string: "npm:^1.0.0"
    micromark-util-normalize-identifier: "npm:^1.0.0"
    micromark-util-symbol: "npm:^1.0.0"
    micromark-util-types: "npm:^1.0.0"
    unist-util-stringify-position: "npm:^3.0.0"
    uvu: "npm:^0.5.0"
  checksum: 10c0/f4e901bf2a2e93fe35a339e0cff581efacce2f7117cd5652e9a270847bd7e2508b3e717b7b4156af54d4f896d63033e06ff9fafbf59a1d46fe17dd5e2a3f7846
  languageName: node
  linkType: hard

"mdast-util-frontmatter@npm:^1.0.0":
  version: 1.0.1
  resolution: "mdast-util-frontmatter@npm:1.0.1"
  dependencies:
    "@types/mdast": "npm:^3.0.0"
    mdast-util-to-markdown: "npm:^1.3.0"
    micromark-extension-frontmatter: "npm:^1.0.0"
  checksum: 10c0/53d5c66f1f1ce3a8aa0732e52c9b8bc8b136ae8ca4cc0d945d543ced39d0e322cb1343710600ec94283cb066a026ddf2407d1dca911cc34be001b2c88336339e
  languageName: node
  linkType: hard

"mdast-util-mdx-expression@npm:^1.0.0":
  version: 1.3.2
  resolution: "mdast-util-mdx-expression@npm:1.3.2"
  dependencies:
    "@types/estree-jsx": "npm:^1.0.0"
    "@types/hast": "npm:^2.0.0"
    "@types/mdast": "npm:^3.0.0"
    mdast-util-from-markdown: "npm:^1.0.0"
    mdast-util-to-markdown: "npm:^1.0.0"
  checksum: 10c0/01f306ee809d28825cbec23b3c80376a0fbe69601b6b2843d23beb5662a31ec7560995f52b96b13093cc03de1130404a47f139d16f58c3f54e91e88f4bdd82d2
  languageName: node
  linkType: hard

"mdast-util-mdx-jsx@npm:^2.0.0":
  version: 2.1.4
  resolution: "mdast-util-mdx-jsx@npm:2.1.4"
  dependencies:
    "@types/estree-jsx": "npm:^1.0.0"
    "@types/hast": "npm:^2.0.0"
    "@types/mdast": "npm:^3.0.0"
    "@types/unist": "npm:^2.0.0"
    ccount: "npm:^2.0.0"
    mdast-util-from-markdown: "npm:^1.1.0"
    mdast-util-to-markdown: "npm:^1.3.0"
    parse-entities: "npm:^4.0.0"
    stringify-entities: "npm:^4.0.0"
    unist-util-remove-position: "npm:^4.0.0"
    unist-util-stringify-position: "npm:^3.0.0"
    vfile-message: "npm:^3.0.0"
  checksum: 10c0/b0c16e56a99c5167e60c98dbdbe82645549630fb529688642c4664ca5557ff0b3029c75146f5657cadb7908d5fa99810eacc5dcc51676d0877c8b4dcebb11cbe
  languageName: node
  linkType: hard

"mdast-util-mdx@npm:^2.0.0":
  version: 2.0.1
  resolution: "mdast-util-mdx@npm:2.0.1"
  dependencies:
    mdast-util-from-markdown: "npm:^1.0.0"
    mdast-util-mdx-expression: "npm:^1.0.0"
    mdast-util-mdx-jsx: "npm:^2.0.0"
    mdast-util-mdxjs-esm: "npm:^1.0.0"
    mdast-util-to-markdown: "npm:^1.0.0"
  checksum: 10c0/3b5e55781a7b7b4b7e71728a84afbec63516f251b3556efec52dbb4824c0733f5ebaa907d21211d008e5cb1a8265e6704bc062ee605f4c09e90fbfa2c6fbba3b
  languageName: node
  linkType: hard

"mdast-util-mdxjs-esm@npm:^1.0.0":
  version: 1.3.1
  resolution: "mdast-util-mdxjs-esm@npm:1.3.1"
  dependencies:
    "@types/estree-jsx": "npm:^1.0.0"
    "@types/hast": "npm:^2.0.0"
    "@types/mdast": "npm:^3.0.0"
    mdast-util-from-markdown: "npm:^1.0.0"
    mdast-util-to-markdown: "npm:^1.0.0"
  checksum: 10c0/2ff0af34ea62004d39f15bd45b79e3008e68cae7e2510c9281e24a17e2c3f55d004524796166ef5aa3378798ca7f6c5f88883238f413577619bbaf41026b7e62
  languageName: node
  linkType: hard

"mdast-util-phrasing@npm:^3.0.0":
  version: 3.0.1
  resolution: "mdast-util-phrasing@npm:3.0.1"
  dependencies:
    "@types/mdast": "npm:^3.0.0"
    unist-util-is: "npm:^5.0.0"
  checksum: 10c0/5e00e303652a7581593549dbce20dfb69d687d79a972f7928f6ca1920ef5385bceb737a3d5292ab6d937ed8c67bb59771e80e88f530b78734fe7d155f833e32b
  languageName: node
  linkType: hard

"mdast-util-to-hast@npm:^12.1.0":
  version: 12.3.0
  resolution: "mdast-util-to-hast@npm:12.3.0"
  dependencies:
    "@types/hast": "npm:^2.0.0"
    "@types/mdast": "npm:^3.0.0"
    mdast-util-definitions: "npm:^5.0.0"
    micromark-util-sanitize-uri: "npm:^1.1.0"
    trim-lines: "npm:^3.0.0"
    unist-util-generated: "npm:^2.0.0"
    unist-util-position: "npm:^4.0.0"
    unist-util-visit: "npm:^4.0.0"
  checksum: 10c0/0753e45bfcce423f7a13979ac720a23ed8d6bafed174c387f43bbe8baf3838f3a043cd8006975b71e5c4068b7948f83f1348acea79801101af31eaec4e7a499a
  languageName: node
  linkType: hard

"mdast-util-to-markdown@npm:^1.0.0, mdast-util-to-markdown@npm:^1.3.0":
  version: 1.5.0
  resolution: "mdast-util-to-markdown@npm:1.5.0"
  dependencies:
    "@types/mdast": "npm:^3.0.0"
    "@types/unist": "npm:^2.0.0"
    longest-streak: "npm:^3.0.0"
    mdast-util-phrasing: "npm:^3.0.0"
    mdast-util-to-string: "npm:^3.0.0"
    micromark-util-decode-string: "npm:^1.0.0"
    unist-util-visit: "npm:^4.0.0"
    zwitch: "npm:^2.0.0"
  checksum: 10c0/9831d14aa6c097750a90c7b87b4e814b040731c30606a794c9b136dc746633dd9ec07154ca97d4fec4eaf732cf89d14643424e2581732d6ee18c9b0e51ff7664
  languageName: node
  linkType: hard

"mdast-util-to-string@npm:^3.0.0, mdast-util-to-string@npm:^3.1.0":
  version: 3.2.0
  resolution: "mdast-util-to-string@npm:3.2.0"
  dependencies:
    "@types/mdast": "npm:^3.0.0"
  checksum: 10c0/112f4bf0f6758dcb95deffdcf37afba7eaecdfe2ee13252de031723094d4d55220e147326690a8b91244758e2d678e7aeb1fdd0fa6ef3317c979bc42effd9a21
  languageName: node
  linkType: hard

"micromark-core-commonmark@npm:^1.0.0, micromark-core-commonmark@npm:^1.0.1":
  version: 1.1.0
  resolution: "micromark-core-commonmark@npm:1.1.0"
  dependencies:
    decode-named-character-reference: "npm:^1.0.0"
    micromark-factory-destination: "npm:^1.0.0"
    micromark-factory-label: "npm:^1.0.0"
    micromark-factory-space: "npm:^1.0.0"
    micromark-factory-title: "npm:^1.0.0"
    micromark-factory-whitespace: "npm:^1.0.0"
    micromark-util-character: "npm:^1.0.0"
    micromark-util-chunked: "npm:^1.0.0"
    micromark-util-classify-character: "npm:^1.0.0"
    micromark-util-html-tag-name: "npm:^1.0.0"
    micromark-util-normalize-identifier: "npm:^1.0.0"
    micromark-util-resolve-all: "npm:^1.0.0"
    micromark-util-subtokenize: "npm:^1.0.0"
    micromark-util-symbol: "npm:^1.0.0"
    micromark-util-types: "npm:^1.0.1"
    uvu: "npm:^0.5.0"
  checksum: 10c0/b3bf7b7004ce7dbb3ae151dcca4db1d12546f1b943affb2418da4b90b9ce59357373c433ee2eea4c868aee0791dafa355aeed19f5ef2b0acaf271f32f1ecbe6a
  languageName: node
  linkType: hard

"micromark-extension-frontmatter@npm:^1.0.0":
  version: 1.1.1
  resolution: "micromark-extension-frontmatter@npm:1.1.1"
  dependencies:
    fault: "npm:^2.0.0"
    micromark-util-character: "npm:^1.0.0"
    micromark-util-symbol: "npm:^1.0.0"
    micromark-util-types: "npm:^1.0.0"
  checksum: 10c0/b64e056f6f9eaef470491b2e7ebf70249dfad59d46700399aef24130bfa8eb943b65873ee0412fc10a274066309722be6bf86a779e54ac20cede6d2f05be5cdf
  languageName: node
  linkType: hard

"micromark-extension-mdx-expression@npm:^1.0.0":
  version: 1.0.8
  resolution: "micromark-extension-mdx-expression@npm:1.0.8"
  dependencies:
    "@types/estree": "npm:^1.0.0"
    micromark-factory-mdx-expression: "npm:^1.0.0"
    micromark-factory-space: "npm:^1.0.0"
    micromark-util-character: "npm:^1.0.0"
    micromark-util-events-to-acorn: "npm:^1.0.0"
    micromark-util-symbol: "npm:^1.0.0"
    micromark-util-types: "npm:^1.0.0"
    uvu: "npm:^0.5.0"
  checksum: 10c0/99e2997a54caafc4258979c0591b3fe8e31018079df833d559768092fec41e57a71225d423f4179cea4e8bc1af2f52f5c9ae640673619d8fe142ded875240da3
  languageName: node
  linkType: hard

"micromark-extension-mdx-jsx@npm:^1.0.0":
  version: 1.0.5
  resolution: "micromark-extension-mdx-jsx@npm:1.0.5"
  dependencies:
    "@types/acorn": "npm:^4.0.0"
    "@types/estree": "npm:^1.0.0"
    estree-util-is-identifier-name: "npm:^2.0.0"
    micromark-factory-mdx-expression: "npm:^1.0.0"
    micromark-factory-space: "npm:^1.0.0"
    micromark-util-character: "npm:^1.0.0"
    micromark-util-symbol: "npm:^1.0.0"
    micromark-util-types: "npm:^1.0.0"
    uvu: "npm:^0.5.0"
    vfile-message: "npm:^3.0.0"
  checksum: 10c0/1b4bfbe60b9cabfabfb870f70ded8da0caacbaa3be6bdf07f6db25cc5a14c6bc970c34c60e5c80da1e97766064a117feb8160b6d661d69e530a4cc7ec97305de
  languageName: node
  linkType: hard

"micromark-extension-mdx-md@npm:^1.0.0":
  version: 1.0.1
  resolution: "micromark-extension-mdx-md@npm:1.0.1"
  dependencies:
    micromark-util-types: "npm:^1.0.0"
  checksum: 10c0/9ad70b3a5e842fd7ebd93c8c48a32fd3d05fe77be06a08ef32462ea53e97d8f297e2c1c4b30a6929dbd05125279fe98bb04e9cc0bb686c691bdcf7d36c6e51b0
  languageName: node
  linkType: hard

"micromark-extension-mdxjs-esm@npm:^1.0.0":
  version: 1.0.5
  resolution: "micromark-extension-mdxjs-esm@npm:1.0.5"
  dependencies:
    "@types/estree": "npm:^1.0.0"
    micromark-core-commonmark: "npm:^1.0.0"
    micromark-util-character: "npm:^1.0.0"
    micromark-util-events-to-acorn: "npm:^1.0.0"
    micromark-util-symbol: "npm:^1.0.0"
    micromark-util-types: "npm:^1.0.0"
    unist-util-position-from-estree: "npm:^1.1.0"
    uvu: "npm:^0.5.0"
    vfile-message: "npm:^3.0.0"
  checksum: 10c0/612028bced78e882641a43c78fc4813a573b383dc0a7b90db75ed88b37bf5b5997dc7ead4a1011315b34f17bc76b7f4419de6ad9532a088102ab1eea0245d380
  languageName: node
  linkType: hard

"micromark-extension-mdxjs@npm:^1.0.0":
  version: 1.0.1
  resolution: "micromark-extension-mdxjs@npm:1.0.1"
  dependencies:
    acorn: "npm:^8.0.0"
    acorn-jsx: "npm:^5.0.0"
    micromark-extension-mdx-expression: "npm:^1.0.0"
    micromark-extension-mdx-jsx: "npm:^1.0.0"
    micromark-extension-mdx-md: "npm:^1.0.0"
    micromark-extension-mdxjs-esm: "npm:^1.0.0"
    micromark-util-combine-extensions: "npm:^1.0.0"
    micromark-util-types: "npm:^1.0.0"
  checksum: 10c0/3f123e4afea9674c96934c9ea6a057ec9e5584992c50c36c173a2e331d272b1f4e2a8552364a0e2cb50703d0218831fdae1a17b563f0009aac6a35350e6a7b77
  languageName: node
  linkType: hard

"micromark-factory-destination@npm:^1.0.0":
  version: 1.1.0
  resolution: "micromark-factory-destination@npm:1.1.0"
  dependencies:
    micromark-util-character: "npm:^1.0.0"
    micromark-util-symbol: "npm:^1.0.0"
    micromark-util-types: "npm:^1.0.0"
  checksum: 10c0/71ebd9089bf0c9689b98ef42215c04032ae2701ae08c3546b663628553255dca18e5310dbdacddad3acd8de4f12a789835fff30dadc4da3c4e30387a75e6b488
  languageName: node
  linkType: hard

"micromark-factory-label@npm:^1.0.0":
  version: 1.1.0
  resolution: "micromark-factory-label@npm:1.1.0"
  dependencies:
    micromark-util-character: "npm:^1.0.0"
    micromark-util-symbol: "npm:^1.0.0"
    micromark-util-types: "npm:^1.0.0"
    uvu: "npm:^0.5.0"
  checksum: 10c0/5e2cd2d8214bb92a34dfcedf9c7aecf565e3648650a3a6a0495ededf15f2318dd214dc069e3026402792cd5839d395313f8ef9c2e86ca34a8facaa0f75a77753
  languageName: node
  linkType: hard

"micromark-factory-mdx-expression@npm:^1.0.0":
  version: 1.0.9
  resolution: "micromark-factory-mdx-expression@npm:1.0.9"
  dependencies:
    "@types/estree": "npm:^1.0.0"
    micromark-util-character: "npm:^1.0.0"
    micromark-util-events-to-acorn: "npm:^1.0.0"
    micromark-util-symbol: "npm:^1.0.0"
    micromark-util-types: "npm:^1.0.0"
    unist-util-position-from-estree: "npm:^1.0.0"
    uvu: "npm:^0.5.0"
    vfile-message: "npm:^3.0.0"
  checksum: 10c0/b28bd8e072f37ca91446fe8d113e4ae64baaef013b0cde4aa224add0ee40963ce3584b9709f7662d30491f875ae7104b897d37efa26cdaecf25082ed5bac7b8c
  languageName: node
  linkType: hard

"micromark-factory-space@npm:^1.0.0":
  version: 1.1.0
  resolution: "micromark-factory-space@npm:1.1.0"
  dependencies:
    micromark-util-character: "npm:^1.0.0"
    micromark-util-types: "npm:^1.0.0"
  checksum: 10c0/3da81187ce003dd4178c7adc4674052fb8befc8f1a700ae4c8227755f38581a4ae963866dc4857488d62d1dc9837606c9f2f435fa1332f62a0f1c49b83c6a822
  languageName: node
  linkType: hard

"micromark-factory-title@npm:^1.0.0":
  version: 1.1.0
  resolution: "micromark-factory-title@npm:1.1.0"
  dependencies:
    micromark-factory-space: "npm:^1.0.0"
    micromark-util-character: "npm:^1.0.0"
    micromark-util-symbol: "npm:^1.0.0"
    micromark-util-types: "npm:^1.0.0"
  checksum: 10c0/cf8c687d1d5c3928846a4791d4a7e2f1d7bdd2397051e20d60f06b7565a48bf85198ab6f85735e997ab3f0cbb80b8b6391f4f7ebc0aae2f2f8c3a08541257bf6
  languageName: node
  linkType: hard

"micromark-factory-whitespace@npm:^1.0.0":
  version: 1.1.0
  resolution: "micromark-factory-whitespace@npm:1.1.0"
  dependencies:
    micromark-factory-space: "npm:^1.0.0"
    micromark-util-character: "npm:^1.0.0"
    micromark-util-symbol: "npm:^1.0.0"
    micromark-util-types: "npm:^1.0.0"
  checksum: 10c0/7248cc4534f9befb38c6f398b6e38efd3199f1428fc214c9cb7ed5b6e9fa7a82c0d8cdfa9bcacde62887c9a7c8c46baf5c318b2ae8f701afbccc8ad702e92dce
  languageName: node
  linkType: hard

"micromark-util-character@npm:^1.0.0":
  version: 1.2.0
  resolution: "micromark-util-character@npm:1.2.0"
  dependencies:
    micromark-util-symbol: "npm:^1.0.0"
    micromark-util-types: "npm:^1.0.0"
  checksum: 10c0/3390a675a50731b58a8e5493cd802e190427f10fa782079b455b00f6b54e406e36882df7d4a3bd32b709f7a2c3735b4912597ebc1c0a99566a8d8d0b816e2cd4
  languageName: node
  linkType: hard

"micromark-util-chunked@npm:^1.0.0":
  version: 1.1.0
  resolution: "micromark-util-chunked@npm:1.1.0"
  dependencies:
    micromark-util-symbol: "npm:^1.0.0"
  checksum: 10c0/59534cf4aaf481ed58d65478d00eae0080df9b5816673f79b5ddb0cea263e5a9ee9cbb6cc565daf1eb3c8c4ff86fc4e25d38a0577539655cda823a4249efd358
  languageName: node
  linkType: hard

"micromark-util-classify-character@npm:^1.0.0":
  version: 1.1.0
  resolution: "micromark-util-classify-character@npm:1.1.0"
  dependencies:
    micromark-util-character: "npm:^1.0.0"
    micromark-util-symbol: "npm:^1.0.0"
    micromark-util-types: "npm:^1.0.0"
  checksum: 10c0/3266453dc0fdaf584e24c9b3c91d1ed180f76b5856699c51fd2549305814fcab7ec52afb4d3e83d002a9115cd2d2b2ffdc9c0b38ed85120822bf515cc00636ec
  languageName: node
  linkType: hard

"micromark-util-combine-extensions@npm:^1.0.0":
  version: 1.1.0
  resolution: "micromark-util-combine-extensions@npm:1.1.0"
  dependencies:
    micromark-util-chunked: "npm:^1.0.0"
    micromark-util-types: "npm:^1.0.0"
  checksum: 10c0/0bc572fab3fe77f533c29aa1b75cb847b9fc9455f67a98623ef9740b925c0b0426ad9f09bbb56f1e844ea9ebada7873d1f06d27f7c979a917692b273c4b69e31
  languageName: node
  linkType: hard

"micromark-util-decode-numeric-character-reference@npm:^1.0.0":
  version: 1.1.0
  resolution: "micromark-util-decode-numeric-character-reference@npm:1.1.0"
  dependencies:
    micromark-util-symbol: "npm:^1.0.0"
  checksum: 10c0/64ef2575e3fc2426976c19e16973348f20b59ddd5543f1467ac2e251f29e0a91f12089703d29ae985b0b9a408ee0d72f06d04ed3920811aa2402aabca3bdf9e4
  languageName: node
  linkType: hard

"micromark-util-decode-string@npm:^1.0.0":
  version: 1.1.0
  resolution: "micromark-util-decode-string@npm:1.1.0"
  dependencies:
    decode-named-character-reference: "npm:^1.0.0"
    micromark-util-character: "npm:^1.0.0"
    micromark-util-decode-numeric-character-reference: "npm:^1.0.0"
    micromark-util-symbol: "npm:^1.0.0"
  checksum: 10c0/757a0aaa5ad6c50c7480bd75371d407ac75f5022cd4404aba07adadf1448189502aea9bb7b2d09d25e18745e0abf72b95506b6beb184bcccabe919e48e3a5df7
  languageName: node
  linkType: hard

"micromark-util-encode@npm:^1.0.0":
  version: 1.1.0
  resolution: "micromark-util-encode@npm:1.1.0"
  checksum: 10c0/9878c9bc96999d45626a7597fffac85348ea842dce75d2417345cbf070a9941c62477bd0963bef37d4f0fd29f2982be6ddf416d62806f00ccb334af9d6ee87e7
  languageName: node
  linkType: hard

"micromark-util-events-to-acorn@npm:^1.0.0":
  version: 1.2.3
  resolution: "micromark-util-events-to-acorn@npm:1.2.3"
  dependencies:
    "@types/acorn": "npm:^4.0.0"
    "@types/estree": "npm:^1.0.0"
    "@types/unist": "npm:^2.0.0"
    estree-util-visit: "npm:^1.0.0"
    micromark-util-symbol: "npm:^1.0.0"
    micromark-util-types: "npm:^1.0.0"
    uvu: "npm:^0.5.0"
    vfile-message: "npm:^3.0.0"
  checksum: 10c0/cd3af7365806a0b22efb83cb7726cb835725c0bc22e04f7ea83f2f38a09e7132413eff6ab6d53652b969a7ec30e442731c3abbbe8a74dc2081c51fd10223c269
  languageName: node
  linkType: hard

"micromark-util-html-tag-name@npm:^1.0.0":
  version: 1.2.0
  resolution: "micromark-util-html-tag-name@npm:1.2.0"
  checksum: 10c0/15421869678d36b4fe51df453921e8186bff514a14e9f79f32b7e1cdd67874e22a66ad34a7f048dd132cbbbfc7c382ae2f777a2bfd1f245a47705dc1c6d4f199
  languageName: node
  linkType: hard

"micromark-util-normalize-identifier@npm:^1.0.0":
  version: 1.1.0
  resolution: "micromark-util-normalize-identifier@npm:1.1.0"
  dependencies:
    micromark-util-symbol: "npm:^1.0.0"
  checksum: 10c0/a9657321a2392584e4d978061882117a84db7d2c2c1c052c0f5d25da089d463edb9f956d5beaf7f5768984b6f72d046d59b5972951ec7bf25397687a62b8278a
  languageName: node
  linkType: hard

"micromark-util-resolve-all@npm:^1.0.0":
  version: 1.1.0
  resolution: "micromark-util-resolve-all@npm:1.1.0"
  dependencies:
    micromark-util-types: "npm:^1.0.0"
  checksum: 10c0/b5c95484c06e87bbbb60d8430eb030a458733a5270409f4c67892d1274737087ca6a7ca888987430e57cf1dcd44bb16390d3b3936a2bf07f7534ec8f52ce43c9
  languageName: node
  linkType: hard

"micromark-util-sanitize-uri@npm:^1.0.0, micromark-util-sanitize-uri@npm:^1.1.0":
  version: 1.2.0
  resolution: "micromark-util-sanitize-uri@npm:1.2.0"
  dependencies:
    micromark-util-character: "npm:^1.0.0"
    micromark-util-encode: "npm:^1.0.0"
    micromark-util-symbol: "npm:^1.0.0"
  checksum: 10c0/dbdb98248e9f0408c7a00f1c1cd805775b41d213defd659533835f34b38da38e8f990bf7b3f782e96bffbc549aec9c3ecdab197d4ad5adbfe08f814a70327b6e
  languageName: node
  linkType: hard

"micromark-util-subtokenize@npm:^1.0.0":
  version: 1.1.0
  resolution: "micromark-util-subtokenize@npm:1.1.0"
  dependencies:
    micromark-util-chunked: "npm:^1.0.0"
    micromark-util-symbol: "npm:^1.0.0"
    micromark-util-types: "npm:^1.0.0"
    uvu: "npm:^0.5.0"
  checksum: 10c0/f292b1b162845db50d36255c9d4c4c6d47931fbca3ac98a80c7e536d2163233fd662f8ca0479ee2b80f145c66a1394c7ed17dfce801439741211015e77e3901e
  languageName: node
  linkType: hard

"micromark-util-symbol@npm:^1.0.0":
  version: 1.1.0
  resolution: "micromark-util-symbol@npm:1.1.0"
  checksum: 10c0/10ceaed33a90e6bfd3a5d57053dbb53f437d4809cc11430b5a09479c0ba601577059be9286df4a7eae6e350a60a2575dc9fa9d9872b5b8d058c875e075c33803
  languageName: node
  linkType: hard

"micromark-util-types@npm:^1.0.0, micromark-util-types@npm:^1.0.1":
  version: 1.1.0
  resolution: "micromark-util-types@npm:1.1.0"
  checksum: 10c0/a9749cb0a12a252ff536baabcb7012421b6fad4d91a5fdd80d7b33dc7b4c22e2d0c4637dfe5b902d00247fe6c9b01f4a24fce6b572b16ccaa4da90e6ce2a11e4
  languageName: node
  linkType: hard

"micromark@npm:^3.0.0":
  version: 3.2.0
  resolution: "micromark@npm:3.2.0"
  dependencies:
    "@types/debug": "npm:^4.0.0"
    debug: "npm:^4.0.0"
    decode-named-character-reference: "npm:^1.0.0"
    micromark-core-commonmark: "npm:^1.0.1"
    micromark-factory-space: "npm:^1.0.0"
    micromark-util-character: "npm:^1.0.0"
    micromark-util-chunked: "npm:^1.0.0"
    micromark-util-combine-extensions: "npm:^1.0.0"
    micromark-util-decode-numeric-character-reference: "npm:^1.0.0"
    micromark-util-encode: "npm:^1.0.0"
    micromark-util-normalize-identifier: "npm:^1.0.0"
    micromark-util-resolve-all: "npm:^1.0.0"
    micromark-util-sanitize-uri: "npm:^1.0.0"
    micromark-util-subtokenize: "npm:^1.0.0"
    micromark-util-symbol: "npm:^1.0.0"
    micromark-util-types: "npm:^1.0.1"
    uvu: "npm:^0.5.0"
  checksum: 10c0/f243e805d1b3cc699fddae2de0b1492bc82462f1a709d7ae5c82039f88b1e009c959100184717e748be057b5f88603289d5681679a4e6fbabcd037beb34bc744
  languageName: node
  linkType: hard

"mri@npm:^1.1.0":
  version: 1.2.0
  resolution: "mri@npm:1.2.0"
  checksum: 10c0/a3d32379c2554cf7351db6237ddc18dc9e54e4214953f3da105b97dc3babe0deb3ffe99cf409b38ea47cc29f9430561ba6b53b24ab8f9ce97a4b50409e4a50e7
  languageName: node
  linkType: hard

"ms@npm:^2.1.3":
  version: 2.1.3
  resolution: "ms@npm:2.1.3"
  checksum: 10c0/d924b57e7312b3b63ad21fc5b3dc0af5e78d61a1fc7cfb5457edaf26326bf62be5307cc87ffb6862ef1c2b33b0233cdb5d4f01c4c958cc0d660948b65a287a48
  languageName: node
  linkType: hard

"parse-entities@npm:^4.0.0":
  version: 4.0.2
  resolution: "parse-entities@npm:4.0.2"
  dependencies:
    "@types/unist": "npm:^2.0.0"
    character-entities-legacy: "npm:^3.0.0"
    character-reference-invalid: "npm:^2.0.0"
    decode-named-character-reference: "npm:^1.0.0"
    is-alphanumerical: "npm:^2.0.0"
    is-decimal: "npm:^2.0.0"
    is-hexadecimal: "npm:^2.0.0"
  checksum: 10c0/a13906b1151750b78ed83d386294066daf5fb559e08c5af9591b2d98cc209123103016a01df776f65f8219ad26652d6d6b210d0974d452049cddfc53a8916c34
  languageName: node
  linkType: hard

"periscopic@npm:^3.0.0":
  version: 3.1.0
  resolution: "periscopic@npm:3.1.0"
  dependencies:
    "@types/estree": "npm:^1.0.0"
    estree-walker: "npm:^3.0.0"
    is-reference: "npm:^3.0.0"
  checksum: 10c0/fb5ce7cd810c49254cdf1cd3892811e6dd1a1dfbdf5f10a0a33fb7141baac36443c4cad4f0e2b30abd4eac613f6ab845c2bc1b7ce66ae9694c7321e6ada5bd96
  languageName: node
  linkType: hard

"property-information@npm:^6.0.0":
  version: 6.5.0
  resolution: "property-information@npm:6.5.0"
  checksum: 10c0/981e0f9cc2e5acdb414a6fd48a99dd0fd3a4079e7a91ab41cf97a8534cf43e0e0bc1ffada6602a1b3d047a33db8b5fc2ef46d863507eda712d5ceedac443f0ef
  languageName: node
  linkType: hard

"remark-frontmatter@npm:^4.0.1":
  version: 4.0.1
  resolution: "remark-frontmatter@npm:4.0.1"
  dependencies:
    "@types/mdast": "npm:^3.0.0"
    mdast-util-frontmatter: "npm:^1.0.0"
    micromark-extension-frontmatter: "npm:^1.0.0"
    unified: "npm:^10.0.0"
  checksum: 10c0/ec8386ba0fae654a69abbb130dfb8837cadc6844edb9d98700175deb4091d2f2611db58ccaf6dab354f72727573b6838147fe879962b655a426ba75ef19a99db
  languageName: node
  linkType: hard

"remark-mdx@npm:^2.0.0":
  version: 2.3.0
  resolution: "remark-mdx@npm:2.3.0"
  dependencies:
    mdast-util-mdx: "npm:^2.0.0"
    micromark-extension-mdxjs: "npm:^1.0.0"
  checksum: 10c0/2688bbf03094a9cd17cc86afb6cf0270e86ffc696a2fe25ccb1befb84eb0864d281388dc560b585e05e20f94a994c9fa88492430d2ba703a2fef6918bca4c36b
  languageName: node
  linkType: hard

"remark-parse@npm:^10.0.0":
  version: 10.0.2
  resolution: "remark-parse@npm:10.0.2"
  dependencies:
    "@types/mdast": "npm:^3.0.0"
    mdast-util-from-markdown: "npm:^1.0.0"
    unified: "npm:^10.0.0"
  checksum: 10c0/30cb8f2790380b1c7370a1c66cda41f33a7dc196b9e440a00e2675037bca55aea868165a8204e0cdbacc27ef4a3bdb7d45879826bd6efa07d9fdf328cb67a332
  languageName: node
  linkType: hard

"remark-rehype@npm:^10.0.0":
  version: 10.1.0
  resolution: "remark-rehype@npm:10.1.0"
  dependencies:
    "@types/hast": "npm:^2.0.0"
    "@types/mdast": "npm:^3.0.0"
    mdast-util-to-hast: "npm:^12.1.0"
    unified: "npm:^10.0.0"
  checksum: 10c0/803e658c9b51a9b53ee2ada42ff82e8e570444bb97c873e0d602c2d8dcb69a774fd22bd6f26643dfd5ab4c181059ea6c9fb9a99a2d7f9665f3f11bef1a1489bd
  languageName: node
  linkType: hard

"sade@npm:^1.7.3":
  version: 1.8.1
  resolution: "sade@npm:1.8.1"
  dependencies:
    mri: "npm:^1.1.0"
  checksum: 10c0/da8a3a5d667ad5ce3bf6d4f054bbb9f711103e5df21003c5a5c1a8a77ce12b640ed4017dd423b13c2307ea7e645adee7c2ae3afe8051b9db16a6f6d3da3f90b1
  languageName: node
  linkType: hard

"source-map@npm:^0.7.0":
  version: 0.7.6
  resolution: "source-map@npm:0.7.6"
  checksum: 10c0/59f6f05538539b274ba771d2e9e32f6c65451982510564438e048bc1352f019c6efcdc6dd07909b1968144941c14015c2c7d4369fb7c4d7d53ae769716dcc16c
  languageName: node
  linkType: hard

"space-separated-tokens@npm:^2.0.0":
  version: 2.0.2
  resolution: "space-separated-tokens@npm:2.0.2"
  checksum: 10c0/6173e1d903dca41dcab6a2deed8b4caf61bd13b6d7af8374713500570aa929ff9414ae09a0519f4f8772df993300305a395d4871f35bc4ca72b6db57e1f30af8
  languageName: node
  linkType: hard

"stringify-entities@npm:^4.0.0":
  version: 4.0.4
  resolution: "stringify-entities@npm:4.0.4"
  dependencies:
    character-entities-html4: "npm:^2.0.0"
    character-entities-legacy: "npm:^3.0.0"
  checksum: 10c0/537c7e656354192406bdd08157d759cd615724e9d0873602d2c9b2f6a5c0a8d0b1d73a0a08677848105c5eebac6db037b57c0b3a4ec86331117fa7319ed50448
  languageName: node
  linkType: hard

"style-to-object@npm:^0.4.1":
  version: 0.4.4
  resolution: "style-to-object@npm:0.4.4"
  dependencies:
    inline-style-parser: "npm:0.1.1"
  checksum: 10c0/3a733080da66952881175b17d65f92985cf94c1ca358a92cf21b114b1260d49b94a404ed79476047fb95698d64c7e366ca7443f0225939e2fb34c38bbc9c7639
  languageName: node
  linkType: hard

"trim-lines@npm:^3.0.0":
  version: 3.0.1
  resolution: "trim-lines@npm:3.0.1"
  checksum: 10c0/3a1611fa9e52aa56a94c69951a9ea15b8aaad760eaa26c56a65330dc8adf99cb282fc07cc9d94968b7d4d88003beba220a7278bbe2063328eb23fb56f9509e94
  languageName: node
  linkType: hard

"trough@npm:^2.0.0":
  version: 2.2.0
  resolution: "trough@npm:2.2.0"
  checksum: 10c0/58b671fc970e7867a48514168894396dd94e6d9d6456aca427cc299c004fe67f35ed7172a36449086b2edde10e78a71a284ec0076809add6834fb8f857ccb9b0
  languageName: node
  linkType: hard

"unified@npm:^10.0.0":
  version: 10.1.2
  resolution: "unified@npm:10.1.2"
  dependencies:
    "@types/unist": "npm:^2.0.0"
    bail: "npm:^2.0.0"
    extend: "npm:^3.0.0"
    is-buffer: "npm:^2.0.0"
    is-plain-obj: "npm:^4.0.0"
    trough: "npm:^2.0.0"
    vfile: "npm:^5.0.0"
  checksum: 10c0/da9195e3375a74ab861a65e1d7b0454225d17a61646697911eb6b3e97de41091930ed3d167eb11881d4097c51deac407091d39ddd1ee8bf1fde3f946844a17a7
  languageName: node
  linkType: hard

"unist-util-generated@npm:^2.0.0":
  version: 2.0.1
  resolution: "unist-util-generated@npm:2.0.1"
  checksum: 10c0/6f052dd47a7280785f3787f52cdfe8819e1de50317a1bcf7c9346c63268cf2cebc61a5980e7ca734a54735e27dbb73091aa0361a98504ab7f9409fb75f1b16bb
  languageName: node
  linkType: hard

"unist-util-is@npm:^5.0.0":
  version: 5.2.1
  resolution: "unist-util-is@npm:5.2.1"
  dependencies:
    "@types/unist": "npm:^2.0.0"
  checksum: 10c0/a2376910b832bb10653d2167c3cd85b3610a5fd53f5169834c08b3c3a720fae9043d75ad32d727eedfc611491966c26a9501d428ec62467edc17f270feb5410b
  languageName: node
  linkType: hard

"unist-util-position-from-estree@npm:^1.0.0, unist-util-position-from-estree@npm:^1.1.0":
  version: 1.1.2
  resolution: "unist-util-position-from-estree@npm:1.1.2"
  dependencies:
    "@types/unist": "npm:^2.0.0"
  checksum: 10c0/1d95d0b2b05efcec07a4e6745a6950cd498f6100fb900615b252937baed5140df1c6319b9a67364c8a6bd891c58b3c9a52a22e8e1d3422c50bb785d7e3ad7484
  languageName: node
  linkType: hard

"unist-util-position@npm:^4.0.0":
  version: 4.0.4
  resolution: "unist-util-position@npm:4.0.4"
  dependencies:
    "@types/unist": "npm:^2.0.0"
  checksum: 10c0/e506d702e25a0fb47a64502054f709a6ff5db98993bf139eec868cd11eb7de34392b781c6c2002e2c24d97aa398c14b32a47076129f36e4b894a2c1351200888
  languageName: node
  linkType: hard

"unist-util-remove-position@npm:^4.0.0":
  version: 4.0.2
  resolution: "unist-util-remove-position@npm:4.0.2"
  dependencies:
    "@types/unist": "npm:^2.0.0"
    unist-util-visit: "npm:^4.0.0"
  checksum: 10c0/17371b1e53c52d1b00656c9c6fe1bb044846e7067022195823ed3d1a8d8b965d4f9a79b286b8a841e68731b4ec93afd563b81ae92151f80c28534ba51e9dc18f
  languageName: node
  linkType: hard

"unist-util-stringify-position@npm:^3.0.0":
  version: 3.0.3
  resolution: "unist-util-stringify-position@npm:3.0.3"
  dependencies:
    "@types/unist": "npm:^2.0.0"
  checksum: 10c0/14550027825230528f6437dad7f2579a841780318569851291be6c8a970bae6f65a7feb24dabbcfce0e5e68cacae85bf12cbda3f360f7c873b4db602bdf7bb21
  languageName: node
  linkType: hard

"unist-util-visit-parents@npm:^5.1.1":
  version: 5.1.3
  resolution: "unist-util-visit-parents@npm:5.1.3"
  dependencies:
    "@types/unist": "npm:^2.0.0"
    unist-util-is: "npm:^5.0.0"
  checksum: 10c0/f6829bfd8f2eddf63a32e2c302cd50978ef0c194b792c6fe60c2b71dfd7232415a3c5941903972543e9d34e6a8ea69dee9ccd95811f4a795495ed2ae855d28d0
  languageName: node
  linkType: hard

"unist-util-visit@npm:^4.0.0":
  version: 4.1.2
  resolution: "unist-util-visit@npm:4.1.2"
  dependencies:
    "@types/unist": "npm:^2.0.0"
    unist-util-is: "npm:^5.0.0"
    unist-util-visit-parents: "npm:^5.1.1"
  checksum: 10c0/56a1f49a4d8e321e75b3c7821d540a45165a031dd06324bb0e8c75e7737bc8d73bdddbf0b0ca82000f9708a4c36861c6ebe88d01f7cf00e925f5d75f13a3a017
  languageName: node
  linkType: hard

"uvu@npm:^0.5.0":
  version: 0.5.6
  resolution: "uvu@npm:0.5.6"
  dependencies:
    dequal: "npm:^2.0.0"
    diff: "npm:^5.0.0"
    kleur: "npm:^4.0.3"
    sade: "npm:^1.7.3"
  bin:
    uvu: bin.js
  checksum: 10c0/ad32eb5f7d94bdeb71f80d073003f0138e24f61ed68cecc8e15d2f30838f44c9670577bb1775c8fac894bf93d1bc1583d470a9195e49bfa6efa14cc6f4942bff
  languageName: node
  linkType: hard

"vfile-message@npm:^3.0.0":
  version: 3.1.4
  resolution: "vfile-message@npm:3.1.4"
  dependencies:
    "@types/unist": "npm:^2.0.0"
    unist-util-stringify-position: "npm:^3.0.0"
  checksum: 10c0/c4ccf9c0ced92d657846fd067fefcf91c5832cdbe2ecc431bb67886e8c959bf7fc05a9dbbca5551bc34c9c87a0a73854b4249f65c64ddfebc4d59ea24a18b996
  languageName: node
  linkType: hard

"vfile@npm:^5.0.0":
  version: 5.3.7
  resolution: "vfile@npm:5.3.7"
  dependencies:
    "@types/unist": "npm:^2.0.0"
    is-buffer: "npm:^2.0.0"
    unist-util-stringify-position: "npm:^3.0.0"
    vfile-message: "npm:^3.0.0"
  checksum: 10c0/c36bd4c3f16ec0c6cbad0711ca99200316bbf849d6b07aa4cb5d9062cc18ae89249fe62af9521926e9659c0e6bc5c2c1da0fe26b41fb71e757438297e1a41da4
  languageName: node
  linkType: hard

"yaml@npm:^2.5.0":
  version: 2.9.0
  resolution: "yaml@npm:2.9.0"
  bin:
    yaml: bin.mjs
  checksum: 10c0/f340718df45e97a9551b9bf9dac61c80050bc464513b710debfb5067c380c8472e3b67809cffacb4ab5ffb5e66ef9310816c88b05f371cec60abfedd8c88e0a2
  languageName: node
  linkType: hard

"zwitch@npm:^2.0.0":
  version: 2.0.4
  resolution: "zwitch@npm:2.0.4"
  checksum: 10c0/3c7830cdd3378667e058ffdb4cf2bb78ac5711214e2725900873accb23f3dfe5f9e7e5a06dcdc5f29605da976fc45c26d9a13ca334d6eea2245a15e77b8fc06e
  languageName: node
  linkType: hard
